
Microsoft Visual Studio Solution File, Format Version 12.00
Project("{FAE04EC0-301F-11D3-BF4B-00C04F79EFBC}") = "Protocol", "netcore-identity\src\Protocol\Protocol.csproj", "{AAC749CE-295F-488D-854B-114D31C3BDDB}"
EndProject
Project("{FAE04EC0-301F-11D3-BF4B-00C04F79EFBC}") = "Service.Identity", "netcore-identity\src\Service.Identity\Service.Identity.csproj", "{CC395983-2051-4228-8ADF-717FAEC7747E}"
EndProject
Project("{2150E333-8FDC-42A3-9474-1A3956D46DE8}") = "Identity", "Identity", "{D9E8E0CC-43EA-4D91-B5EE-F445F59009F2}"
EndProject
Project("{FAE04EC0-301F-11D3-BF4B-00C04F79EFBC}") = "Common.Redis", "netcore-identity\src\Common.Redis\Common.Redis.csproj", "{9EC12619-FC17-42F1-AD5D-0B1A3BC5E046}"
EndProject
Project("{FAE04EC0-301F-11D3-BF4B-00C04F79EFBC}") = "Common.Mongo", "netcore-identity\src\Common.Mongo\Common.Mongo.csproj", "{DE839106-F012-4559-85B7-7E178049592F}"
EndProject
Project("{FAE04EC0-301F-11D3-BF4B-00C04F79EFBC}") = "Common.Jwt", "netcore-identity\src\Common.Jwt\Common.Jwt.csproj", "{29A214E0-15E9-4B79-84C0-F1BFEEEA96F9}"
EndProject
Project("{2150E333-8FDC-42A3-9474-1A3956D46DE8}") = "Api", "Api", "{4E370D23-8E62-4193-B51E-0BA98FF3B5FB}"
EndProject
Project("{FAE04EC0-301F-11D3-BF4B-00C04F79EFBC}") = "rpc-api", "rpc-api\Rpc.Api.csproj", "{D2AF6177-0B78-436D-938B-6820A3C39551}"
EndProject
Project("{2150E333-8FDC-42A3-9474-1A3956D46DE8}") = "Generator", "Generator", "{79E684F1-95BE-40E1-B392-EE7FBDD36D61}"
EndProject
Project("{FAE04EC0-301F-11D3-BF4B-00C04F79EFBC}") = "Rpc.CodeGenerator", "rpc-generator\Rpc.CodeGenerator\Rpc.CodeGenerator.csproj", "{F72330F3-CA0F-4BBD-9580-3FADCA491A8D}"
EndProject
Project("{FAE04EC0-301F-11D3-BF4B-00C04F79EFBC}") = "Rpc.Generator", "rpc-generator\Rpc.Generator\Rpc.Generator.csproj", "{00134546-BEDC-4B25-B169-F3EDD3AE8755}"
EndProject
Project("{FAE04EC0-301F-11D3-BF4B-00C04F79EFBC}") = "Rpc.Output", "Rpc.Output\Rpc.Output.csproj", "{A30CDBDA-8A2F-4F16-AC30-6055D2A453C3}"
EndProject
Global
	GlobalSection(SolutionConfigurationPlatforms) = preSolution
		Debug|Any CPU = Debug|Any CPU
		Release|Any CPU = Release|Any CPU
	EndGlobalSection
	GlobalSection(ProjectConfigurationPlatforms) = postSolution
		{AAC749CE-295F-488D-854B-114D31C3BDDB}.Debug|Any CPU.ActiveCfg = Debug|Any CPU
		{AAC749CE-295F-488D-854B-114D31C3BDDB}.Debug|Any CPU.Build.0 = Debug|Any CPU
		{AAC749CE-295F-488D-854B-114D31C3BDDB}.Release|Any CPU.ActiveCfg = Release|Any CPU
		{AAC749CE-295F-488D-854B-114D31C3BDDB}.Release|Any CPU.Build.0 = Release|Any CPU
		{CC395983-2051-4228-8ADF-717FAEC7747E}.Debug|Any CPU.ActiveCfg = Debug|Any CPU
		{CC395983-2051-4228-8ADF-717FAEC7747E}.Debug|Any CPU.Build.0 = Debug|Any CPU
		{CC395983-2051-4228-8ADF-717FAEC7747E}.Release|Any CPU.ActiveCfg = Release|Any CPU
		{CC395983-2051-4228-8ADF-717FAEC7747E}.Release|Any CPU.Build.0 = Release|Any CPU
		{9EC12619-FC17-42F1-AD5D-0B1A3BC5E046}.Debug|Any CPU.ActiveCfg = Debug|Any CPU
		{9EC12619-FC17-42F1-AD5D-0B1A3BC5E046}.Debug|Any CPU.Build.0 = Debug|Any CPU
		{9EC12619-FC17-42F1-AD5D-0B1A3BC5E046}.Release|Any CPU.ActiveCfg = Release|Any CPU
		{9EC12619-FC17-42F1-AD5D-0B1A3BC5E046}.Release|Any CPU.Build.0 = Release|Any CPU
		{DE839106-F012-4559-85B7-7E178049592F}.Debug|Any CPU.ActiveCfg = Debug|Any CPU
		{DE839106-F012-4559-85B7-7E178049592F}.Debug|Any CPU.Build.0 = Debug|Any CPU
		{DE839106-F012-4559-85B7-7E178049592F}.Release|Any CPU.ActiveCfg = Release|Any CPU
		{DE839106-F012-4559-85B7-7E178049592F}.Release|Any CPU.Build.0 = Release|Any CPU
		{29A214E0-15E9-4B79-84C0-F1BFEEEA96F9}.Debug|Any CPU.ActiveCfg = Debug|Any CPU
		{29A214E0-15E9-4B79-84C0-F1BFEEEA96F9}.Debug|Any CPU.Build.0 = Debug|Any CPU
		{29A214E0-15E9-4B79-84C0-F1BFEEEA96F9}.Release|Any CPU.ActiveCfg = Release|Any CPU
		{29A214E0-15E9-4B79-84C0-F1BFEEEA96F9}.Release|Any CPU.Build.0 = Release|Any CPU
		{D2AF6177-0B78-436D-938B-6820A3C39551}.Debug|Any CPU.ActiveCfg = Debug|Any CPU
		{D2AF6177-0B78-436D-938B-6820A3C39551}.Debug|Any CPU.Build.0 = Debug|Any CPU
		{D2AF6177-0B78-436D-938B-6820A3C39551}.Release|Any CPU.ActiveCfg = Release|Any CPU
		{D2AF6177-0B78-436D-938B-6820A3C39551}.Release|Any CPU.Build.0 = Release|Any CPU
		{F72330F3-CA0F-4BBD-9580-3FADCA491A8D}.Debug|Any CPU.ActiveCfg = Debug|Any CPU
		{F72330F3-CA0F-4BBD-9580-3FADCA491A8D}.Debug|Any CPU.Build.0 = Debug|Any CPU
		{F72330F3-CA0F-4BBD-9580-3FADCA491A8D}.Release|Any CPU.ActiveCfg = Release|Any CPU
		{F72330F3-CA0F-4BBD-9580-3FADCA491A8D}.Release|Any CPU.Build.0 = Release|Any CPU
		{00134546-BEDC-4B25-B169-F3EDD3AE8755}.Debug|Any CPU.ActiveCfg = Debug|Any CPU
		{00134546-BEDC-4B25-B169-F3EDD3AE8755}.Debug|Any CPU.Build.0 = Debug|Any CPU
		{00134546-BEDC-4B25-B169-F3EDD3AE8755}.Release|Any CPU.ActiveCfg = Release|Any CPU
		{00134546-BEDC-4B25-B169-F3EDD3AE8755}.Release|Any CPU.Build.0 = Release|Any CPU
		{A30CDBDA-8A2F-4F16-AC30-6055D2A453C3}.Debug|Any CPU.ActiveCfg = Debug|Any CPU
		{A30CDBDA-8A2F-4F16-AC30-6055D2A453C3}.Debug|Any CPU.Build.0 = Debug|Any CPU
		{A30CDBDA-8A2F-4F16-AC30-6055D2A453C3}.Release|Any CPU.ActiveCfg = Release|Any CPU
		{A30CDBDA-8A2F-4F16-AC30-6055D2A453C3}.Release|Any CPU.Build.0 = Release|Any CPU
	EndGlobalSection
	GlobalSection(NestedProjects) = preSolution
		{AAC749CE-295F-488D-854B-114D31C3BDDB} = {D9E8E0CC-43EA-4D91-B5EE-F445F59009F2}
		{CC395983-2051-4228-8ADF-717FAEC7747E} = {D9E8E0CC-43EA-4D91-B5EE-F445F59009F2}
		{9EC12619-FC17-42F1-AD5D-0B1A3BC5E046} = {D9E8E0CC-43EA-4D91-B5EE-F445F59009F2}
		{DE839106-F012-4559-85B7-7E178049592F} = {D9E8E0CC-43EA-4D91-B5EE-F445F59009F2}
		{29A214E0-15E9-4B79-84C0-F1BFEEEA96F9} = {D9E8E0CC-43EA-4D91-B5EE-F445F59009F2}
		{D2AF6177-0B78-436D-938B-6820A3C39551} = {4E370D23-8E62-4193-B51E-0BA98FF3B5FB}
		{F72330F3-CA0F-4BBD-9580-3FADCA491A8D} = {79E684F1-95BE-40E1-B392-EE7FBDD36D61}
		{00134546-BEDC-4B25-B169-F3EDD3AE8755} = {79E684F1-95BE-40E1-B392-EE7FBDD36D61}
		{A30CDBDA-8A2F-4F16-AC30-6055D2A453C3} = {79E684F1-95BE-40E1-B392-EE7FBDD36D61}
	EndGlobalSection
EndGlobal
